
Microsoft Visual Studio Solution File, Format Version 12.00
# Visual Studio 15
VisualStudioVersion = 15.0.28010.2036
MinimumVisualStudioVersion = 10.0.40219.1
Project("{8BC9CEB8-8B4A-11D0-8D11-00A0C91BC942}") = "Final Proj", "Final Proj\Final Proj.vcxproj", "{522C27B4-ED8E-4989-9AC6-1F68D7B49FD3}"
EndProject
Global
	GlobalSection(SolutionConfigurationPlatforms) = preSolution
		Debug|x64 = Debug|x64
		Debug|x86 = Debug|x86
		Release|x64 = Release|x64
		Release|x86 = Release|x86
	EndGlobalSection
	GlobalSection(ProjectConfigurationPlatforms) = postSolution
		{522C27B4-ED8E-4989-9AC6-1F68D7B49FD3}.Debug|x64.ActiveCfg = Debug|x64
		{522C27B4-ED8E-4989-9AC6-1F68D7B49FD3}.Debug|x64.Build.0 = Debug|x64
		{522C27B4-ED8E-4989-9AC6-1F68D7B49FD3}.Debug|x86.ActiveCfg = Debug|Win32
		{522C27B4-ED8E-4989-9AC6-1F68D7B49FD3}.Debug|x86.Build.0 = Debug|Win32
		{522C27B4-ED8E-4989-9AC6-1F68D7B49FD3}.Release|x64.ActiveCfg = Release|x64
		{522C27B4-ED8E-4989-9AC6-1F68D7B49FD3}.Release|x64.Build.0 = Release|x64
		{522C27B4-ED8E-4989-9AC6-1F68D7B49FD3}.Release|x86.ActiveCfg = Release|Win32
		{522C27B4-ED8E-4989-9AC6-1F68D7B49FD3}.Release|x86.Build.0 = Release|Win32
	EndGlobalSection
	GlobalSection(SolutionProperties) = preSolution
		HideSolutionNode = FALSE
	EndGlobalSection
	GlobalSection(ExtensibilityGlobals) = postSolution
		SolutionGuid = {472FED72-7191-438F-90E2-A6376D79730C}
	EndGlobalSection
EndGlobal
